{
    "_meta": {
        "hash": {
            "sha256": "b842df4531fae915cceef401f949d717c1c3bf73d87512b7c4603ade01381207"
        },
        "pipfile-spec": 6,
        "requires": {
            "python_version": "3.12"
        },
        "sources": [
            {
                "name": "pypi",
                "url": "https://pypi.org/simple",
                "verify_ssl": true
            }
        ]
    },
    "default": {
        "barcode": {
            "hashes": [
                "sha256:f576b2c9c04fa7806b8526dfb0baed69012223266e02f2694aa8f7b6f0b464e8"
            ],
            "index": "pypi",
            "version": "==1.0.4"
        },
        "chardet": {
            "hashes": [
                "sha256:1b3b6ff479a8c414bc3fa2c0852995695c4a026dcd6d0633b2dd092ca39c1cf7",
                "sha256:e1cf59446890a00105fe7b7912492ea04b6e6f06d4b742b2c788469e34c82970"
            ],
            "markers": "python_version >= '3.7'",
            "version": "==5.2.0"
        },
        "levenshtein": {
            "hashes": [
                "sha256:060b48c45ed54bcea9582ce79c6365b20a1a7473767e0b3d6be712fa3a22929c",
                "sha256:079cc78de05d3ded6cf1c5e2c3eadeb1232e12d49be7d5824d66c92b28c3555a",
                "sha256:0c9231ac7c705a689f12f4fc70286fa698b9c9f06091fcb0daddb245e9259cbe",
                "sha256:0ed402d8902be7df212ac598fc189f9b2d520817fdbc6a05e2ce44f7f3ef6857",
                "sha256:0f3e0bea76695b9045bbf9ad5f67ad4cc01c11f783368f34760e068f19b6a6bc",
                "sha256:105edcb14797d95c77f69bad23104314715a64cafbf4b0e79d354a33d7b54d8d",
                "sha256:13412ff805afbfe619d070280d1a76eb4198c60c5445cd5478bd4c7055bb3d51",
                "sha256:13d6f617cb6fe63714c4794861cfaacd398db58a292f930edb7f12aad931dace",
                "sha256:145e6e8744643a3764fed9ab4ab9d3e2b8e5f05d2bcd0ad7df6f22f27a9fbcd4",
                "sha256:149cd4f0baf5884ac5df625b7b0d281721b15de00f447080e38f5188106e1167",
                "sha256:164e3184385caca94ef7da49d373edd7fb52d4253bcc5bd5b780213dae307dfb",
                "sha256:201dafd5c004cd52018560cf3213da799534d130cf0e4db839b51f3f06771de0",
                "sha256:25fb540d8c55d1dc7bdc59b7de518ea5ed9df92eb2077e74bcb9bb6de7b06f69",
                "sha256:2d30c3ea23a94dddd56dbe323e1fa8a29ceb24da18e2daa8d0abf78b269a5ad1",
                "sha256:2de1f822b5c9a20d10411f779dfd7181ce3407261436f8470008a98276a9d07f",
                "sha256:2e6f1760108319a108dceb2f02bc7cdb78807ad1f9c673c95eaa1d0fe5dfcaae",
                "sha256:31fc0a5bb070722bdabb6f7e14955a294a4a968c68202d294699817f21545d22",
                "sha256:3e18b73564cfc846eec94dd13fab6cb006b5d2e0cc56bad1fd7d5585881302e3",
                "sha256:48334081fddaa0c259ba01ee898640a2cf8ede62e5f7e25fefece1c64d34837f",
                "sha256:51b3a7b2266933babc04e4d9821a495142eebd6ef709f90e24bc532b52b81385",
                "sha256:560d7edba126e2eea3ac3f2f12e7bd8bc9c6904089d12b5b23b6dfa98810b209",
                "sha256:583943813898326516ab451a83f734c6f07488cda5c361676150d3e3e8b47927",
                "sha256:58b1daeebfc148a571f09cfe18c16911ea1eaaa9e51065c5f7e7acbc4b866afa",
                "sha256:5b602b8428ee5dc88432a55c5303a739ee2be7c15175bd67c29476a9d942f48e",
                "sha256:5bb22956af44bb4eade93546bf95be610c8939b9a9d4d28b2dfa94abf454fed7",
                "sha256:5c5986fb46cb0c063305fd45b0a79924abf2959a6d984bbac2b511d3ab259f3f",
                "sha256:612f0c90201c318dd113e7e97bd677e6e3e27eb740f242b7ae1a83f13c892b7e",
                "sha256:614be316e3c06118705fae1f717f9072d35108e5fd4e66a7dd0e80356135340b",
                "sha256:6278a33d2e0e909d8829b5a72191419c86dd3bb45b82399c7efc53dabe870c35",
                "sha256:654e8f016cb64ad27263d3364c6536e7644205f20d94748c8b94c586e3362a23",
                "sha256:65ba880815b0f80a80a293aeebac0fab8069d03ad2d6f967a886063458f9d7a1",
                "sha256:6afc241d27ecf5b921063b796812c55b0115423ca6fa4827aa4b1581643d0a65",
                "sha256:6fbb234b3b04e04f7b3a2f678e24fd873c86c543d541e9df3ac9ec1cc809e732",
                "sha256:712f562c5e64dd0398d3570fe99f8fbb88acec7cc431f101cb66c9d22d74c542",
                "sha256:71afc36b4ee950fa1140aff22ffda9e5e23280285858e1303260dbb2eabf342d",
                "sha256:75191e469269ddef2859bc64c4a8cfd6c9e063302766b5cb7e1e67f38cc7051a",
                "sha256:773aa120be48c71e25c08d92a2108786e6537a24081049664463715926c76b86",
                "sha256:7826efe51be8ff58bc44a633e022fdd4b9fc07396375a6dbc4945a3bffc7bf8f",
                "sha256:7987ef006a3cf56a4532bd4c90c2d3b7b4ca9ad3bf8ae1ee5713c4a3bdfda913",
                "sha256:799b8d73cda3265331116f62932f553804eae16c706ceb35aaf16fc2a704791b",
                "sha256:7c3121314bb4b676c011c33f6a0ebb462cfdcf378ff383e6f9e4cca5618d0ba7",
                "sha256:7dd60aa49c2d8d23e0ef6452c8329029f5d092f386a177e3385d315cabb78f2a",
                "sha256:7f071ecdb50aa6c15fd8ae5bcb67e9da46ba1df7bba7c6bf6803a54c7a41fd96",
                "sha256:7fdaab29af81a8eb981043737f42450efca64b9761ca29385487b29c506da5b5",
                "sha256:81270392c2e45d1a7e1b3047c3a272d5e28bb4f1eff0137637980064948929b7",
                "sha256:8141c8e5bf2bd76ae214c348ba382045d7ed9d0e7ce060a36fc59c6af4b41d48",
                "sha256:83b9033a984ccace7703f35b688f3907d55490182fd39b33a8e434d7b2e249e6",
                "sha256:8799164e1f83588dbdde07f728ea80796ea72196ea23484d78d891470241b222",
                "sha256:8d5362b6c7aa4896dc0cb1e7470a4ad3c06124e0af055dda30d81d3c5549346b",
                "sha256:8d68714785178347ecb272b94e85cbf7e638165895c4dd17ab57e7742d8872ec",
                "sha256:8ee74ee31a5ab8f61cd6c6c6e9ade4488dde1285f3c12207afc018393c9b8d14",
                "sha256:909b7b6bce27a4ec90576c9a9bd9af5a41308dfecf364b410e80b58038277bbe",
                "sha256:920b23d6109453913ce78ec451bc402ff19d020ee8be4722e9d11192ec2fac6f",
                "sha256:93344c2c3812f21fdc46bd9e57171684fc53dd107dae2f648d65ea6225d5ceaf",
                "sha256:9415aa5257227af543be65768a80c7a75e266c3c818468ce6914812f88f9c3df",
                "sha256:a1a0918243a313f481f4ba6a61f35767c1230395a187caeecf0be87a7c8f0624",
                "sha256:a2adb9f263557f7fb13e19eb2f34595d86929a44c250b2fca6e9b65971e51e20",
                "sha256:a2f7688355b22db27588f53c922b4583b8b627c83a8340191bbae1fbbc0f5f56",
                "sha256:a520af67d976761eb6580e7c026a07eb8f74f910f17ce60e98d6e492a1f126c7",
                "sha256:a5b07de42bfc051136cc8e7f1e7ba2cb73666aa0429930f4218efabfdc5837ad",
                "sha256:a6141ad65cab49aa4527a3342d76c30c48adb2393b6cdfeca65caae8d25cb4b8",
                "sha256:a9be39640a46d8a0f9be729e641651d16a62b2c07d3f4468c36e1cc66b0183b9",
                "sha256:ab00c2cae2889166afb7e1af64af2d4e8c1b126f3902d13ef3740df00e54032d",
                "sha256:ac28c4ced134c0fe2941230ce4fd5c423aa66339e735321665fb9ae970f03a32",
                "sha256:bbac509794afc3e2a9e73284c9e3d0aab5b1d928643f42b172969c3eefa1f2a3",
                "sha256:be7a7642ea64392fa1e6ef7968c2e50ef2152c60948f95d0793361ed97cf8a6f",
                "sha256:c27e00bc7527e282f7c437817081df8da4eb7054e7ef9055b851fa3947896560",
                "sha256:c4ed8400d94ab348099395e050b8ed9dd6a5d6b5b9e75e78b2b3d0b5f5b10f38",
                "sha256:c57655b20690ffa5168df7f4b7c6207c4ca917b700fb1b142a49749eb1cf37bb",
                "sha256:c92a222ab95b8d903eae6d5e7d51fe6c999be021b647715c18d04d0b0880f463",
                "sha256:ca9d54d41075e130c390e61360bec80f116b62d6ae973aec502e77e921e95334",
                "sha256:cdd190e468a68c31a5943368a5eaf4e130256a8707886d23ab5906a0cb98a43c",
                "sha256:cde09ec5b3cc84a6737113b47e45392b331c136a9e8a8ead8626f3eacae936f8",
                "sha256:cf9ba080b1a8659d35c11dcfffc7f8c001028c2a3a7b7e6832348cdd60c53329",
                "sha256:d193a7f97b8c6a350e36ec58e41a627c06fa4157c3ce4b2b11d90cfc3c2ebb8f",
                "sha256:d9099ed1bcfa7ccc5540e8ad27b5dc6f23d16addcbe21fdd82af6440f4ed2b6d",
                "sha256:d9c58fb1ef8bdc8773d705fbacf628e12c3bb63ee4d065dda18a76e86042444a",
                "sha256:da4baef7e7460691006dd2ca6b9e371aecf135130f72fddfe1620ae740b68d94",
                "sha256:dafa29c0e616f322b574e0b2aeb5b1ff2f8d9a1a6550f22321f3bd9bb81036e3",
                "sha256:e52270591854af67217103955a36bd7436b57c801e3354e73ba44d689ed93697",
                "sha256:e5ddd59f3cfaec216811ee67544779d9e2d6ed33f79337492a248245d6379e3d",
                "sha256:e6024d67de6efbd32aaaafd964864c7fee0569b960556de326c3619d1eeb2ba4",
                "sha256:e67750653459a8567b5bb10e56e7069b83428d42ff5f306be821ef033b92d1a8",
                "sha256:ec99871d98e517e1cc4a15659c62d6ea63ee5a2d72c5ddbebd7bae8b9e2670c8",
                "sha256:ee2e766277cceb8ca9e584ea03b8dc064449ba588d3e24c1923e4b07576db574",
                "sha256:f09cfab6387e9c908c7b37961c045e8e10eb9b7ec4a700367f8e080ee803a562",
                "sha256:f12a99138fb09eb5606ab9de61dd234dd82a7babba8f227b5dce0e3ae3a9eaf4",
                "sha256:f2441b6365453ec89640b85344afd3d602b0d9972840b693508074c613486ce7",
                "sha256:f8ef378c873efcc5e978026b69b45342d841cd7a2f273447324f1c687cc4dc37",
                "sha256:fb11ad3c9dae3063405aa50d9c96923722ab17bb606c776b6817d70b51fd7e07",
                "sha256:fcc08effe77fec0bc5b0f6f10ff20b9802b961c4a69047b5499f383119ddbe24",
                "sha256:ff18d78c5c16bea20876425e1bf5af56c25918fb01bc0f2532db1317d4c0e157",
                "sha256:ff5afb78719659d353055863c7cb31599fbea6865c0890b2d840ee40214b3ddb",
                "sha256:ffdd9056c7afb29aea00b85acdb93a3524e43852b934ebb9126c901506d7a1ed"
            ],
            "markers": "python_version >= '3.9'",
            "version": "==0.27.1"
        },
        "pillow": {
            "hashes": [
                "sha256:014ca0050c85003620526b0ac1ac53f56fc93af128f7546623cc8e31875ab928",
                "sha256:036e53f4170e270ddb8797d4c590e6dd14d28e15c7da375c18978045f7e6c37b",
                "sha256:062b7a42d672c45a70fa1f8b43d1d38ff76b63421cbbe7f88146b39e8a558d91",
                "sha256:0c3e6d0f59171dfa2e25d7116217543310908dfa2770aa64b8f87605f8cacc97",
                "sha256:0c7b29dbd4281923a2bfe562acb734cee96bbb129e96e6972d315ed9f232bef4",
                "sha256:0f5c7eda47bf8e3c8a283762cab94e496ba977a420868cb819159980b6709193",
                "sha256:127bf6ac4a5b58b3d32fc8289656f77f80567d65660bc46f72c0d77e6600cc95",
                "sha256:14e33b28bf17c7a38eede290f77db7c664e4eb01f7869e37fa98a5aa95978941",
                "sha256:14f73f7c291279bd65fda51ee87affd7c1e097709f7fdd0188957a16c264601f",
                "sha256:191955c55d8a712fab8934a42bfefbf99dd0b5875078240943f913bb66d46d9f",
                "sha256:1d535df14716e7f8776b9e7fee118576d65572b4aad3ed639be9e4fa88a1cad3",
                "sha256:208653868d5c9ecc2b327f9b9ef34e0e42a4cdd172c2988fd81d62d2bc9bc044",
                "sha256:21e1470ac9e5739ff880c211fc3af01e3ae505859392bf65458c224d0bf283eb",
                "sha256:225c832a13326e34f212d2072982bb1adb210e0cc0b153e688743018c94a2681",
                "sha256:25a5f306095c6780c52e6bbb6109624b95c5b18e40aab1c3041da3e9e0cd3e2d",
                "sha256:2728567e249cdd939f6cc3d1f049595c66e4187f3c34078cbc0a7d21c47482d2",
                "sha256:2b490402c96f907a166615e9a5afacf2519e28295f157ec3a2bb9bd57de638cb",
                "sha256:312c77b7f07ab2139924d2639860e084ec2a13e72af54d4f08ac843a5fc9c79d",
                "sha256:31df6e2d3d8fc99f993fd253e97fae451a8db2e7207acf97859732273e108406",
                "sha256:35ca289f712ccfc699508c4658a1d14652e8033e9b69839edf83cbdd0ba39e70",
                "sha256:3692b68c87096ac6308296d96354eddd25f98740c9d2ab54e1549d6c8aea9d79",
                "sha256:36d6b82164c39ce5482f649b437382c0fb2395eabc1e2b1702a6deb8ad647d6e",
                "sha256:39ad2e0f424394e3aebc40168845fee52df1394a4673a6ee512d840d14ab3013",
                "sha256:3e645b020f3209a0181a418bffe7b4a93171eef6c4ef6cc20980b30bebf17b7d",
                "sha256:3fe735ced9a607fee4f481423a9c36701a39719252a9bb251679635f99d0f7d2",
                "sha256:4b835d89c08a6c2ee7781b8dd0a30209a8012b5f09c0a665b65b0eb3560b6f36",
                "sha256:4d375eb838755f2528ac8cbc926c3e31cc49ca4ad0cf79cff48b20e30634a4a7",
                "sha256:4eb92eca2711ef8be42fd3f67533765d9fd043b8c80db204f16c8ea62ee1a751",
                "sha256:5119225c622403afb4b44bad4c1ca6c1f98eed79db8d3bc6e4e160fc6339d66c",
                "sha256:562d11134c97a62fe3af29581f083033179f7ff435f78392565a1ad2d1c2c45c",
                "sha256:598174aef4589af795f66f9caab87ba4ff860ce08cd5bb447c6fc553ffee603c",
                "sha256:63b5dff3a68f371ea06025a1a6966c9a1e1ee452fc8020c2cd0ea41b83e9037b",
                "sha256:6ebce70c3f486acf7591a3d73431fa504a4e18a9b97ff27f5f47b7368e4b9dd1",
                "sha256:738db0e0941ca0376804d4de6a782c005245264edaa253ffce24e5a15cbdc7bd",
                "sha256:7491cf8a79b8eb867d419648fff2f83cb0b3891c8b36da92cc7f1931d46108c8",
                "sha256:74ee3d7ecb3f3c05459ba95eed5efa28d6092d751ce9bf20e3e253a4e497e691",
                "sha256:750f96efe0597382660d8b53e90dd1dd44568a8edb51cb7f9d5d918b80d4de14",
                "sha256:78092232a4ab376a35d68c4e6d5e00dfd73454bd12b230420025fbe178ee3b0b",
                "sha256:78afba22027b4accef10dbd5eed84425930ba41b3ea0a86fa8d20baaf19d807f",
                "sha256:7bdb5e09068332578214cadd9c05e3d64d99e0e87591be22a324bdbc18925be0",
                "sha256:80f1df8dbe9572b4b7abdfa17eb5d78dd620b1d55d9e25f834efdbee872d3aed",
                "sha256:85d27ea4c889342f7e35f6d56e7e1cb345632ad592e8c51b693d7b7556043ce0",
                "sha256:8b02d8f9cb83c52578a0b4beadba92e37d83a4ef11570a8688bbf43f4ca50909",
                "sha256:8ce2e8411c7aaef53e6bb29fe98f28cd4fbd9a1d9be2eeea434331aac0536b22",
                "sha256:8f4f3724c068be008c08257207210c138d5f3731af6c155a81c2b09a9eb3a788",
                "sha256:9622e3b6c1d8b551b6e6f21873bdcc55762b4b2126633014cea1803368a9aa16",
                "sha256:9b7b0d4fd2635f54ad82785d56bc0d94f147096493a79985d0ab57aedd563156",
                "sha256:9bc7ae48b8057a611e5fe9f853baa88093b9a76303937449397899385da06fad",
                "sha256:9db98ab6565c69082ec9b0d4e40dd9f6181dab0dd236d26f7a50b8b9bfbd5076",
                "sha256:9ee66787e095127116d91dea2143db65c7bb1e232f617aa5957c0d9d2a3f23a7",
                "sha256:a0a6709b47019dff32e678bc12c63008311b82b9327613f534e496dacaefb71e",
                "sha256:a64dd61998416367b7ef979b73d3a85853ba9bec4c2925f74e588879a58716b6",
                "sha256:aa442755e31c64037aa7c1cb186e0b369f8416c567381852c63444dd666fb772",
                "sha256:ad275964d52e2243430472fc5d2c2334b4fc3ff9c16cb0a19254e25efa03a155",
                "sha256:b0e130705d568e2f43a17bcbe74d90958e8a16263868a12c3e0d9c8162690830",
                "sha256:b10428b3416d4f9c61f94b494681280be7686bda15898a3a9e08eb66a6d92d67",
                "sha256:b2dbea1012ccb784a65349f57bbc93730b96e85b42e9bf7b01ef40443db720b4",
                "sha256:b4ba4be812c7a40280629e55ae0b14a0aafa150dd6451297562e1764808bbe61",
                "sha256:b93a07e76d13bff9444f1a029e0af2964e654bfc2e2c2d46bfd080df5ad5f3d8",
                "sha256:bf2c33d6791c598142f00c9c4c7d47f6476731c31081331664eb26d6ab583e01",
                "sha256:c27476257b2fdcd7872d54cfd119b3a9ce4610fb85c8e32b70b42e3680a29a1e",
                "sha256:c8bd62331e5032bc396a93609982a9ab6b411c05078a52f5fe3cc59234a3abd1",
                "sha256:c97209e85b5be259994eb5b69ff50c5d20cca0f458ef9abd835e262d9d88b39d",
                "sha256:cc1c3bc53befb6096b84165956e886b1729634a799e9d6329a0c512ab651e579",
                "sha256:cc5d875d56e49f112b6def6813c4e3d3036d269c008bf8aef72cd08d20ca6df6",
                "sha256:d189ba1bebfbc0c0e529159631ec72bb9e9bc041f01ec6d3233d6d82eb823bc1",
                "sha256:d4e5c5edee874dce4f653dbe59db7c73a600119fbea8d31f53423586ee2aafd7",
                "sha256:d57a75d53922fc20c165016a20d9c44f73305e67c351bbc60d1adaf662e74047",
                "sha256:da3104c57bbd72948d75f6a9389e6727d2ab6333c3617f0a89d72d4940aa0443",
                "sha256:dd6b20b93b3ccc9c1b597999209e4bc5cf2853f9ee66e3fc9a400a78733ffc9a",
                "sha256:e0409af9f829f87a2dfb7e259f78f317a5351f2045158be321fd135973fff7bf",
                "sha256:e0b55f27f584ed623221cfe995c912c61606be8513bfa0e07d2c674b4516d9dd",
                "sha256:e616e7154c37669fc1dfc14584f11e284e05d1c650e1c0f972f281c4ccc53193",
                "sha256:e6def7eed9e7fa90fde255afaf08060dc4b343bbe524a8f69bdd2a2f0018f600",
                "sha256:ea926cfbc3957090becbcbbb65ad177161a2ff2ad578b5a6ec9bb1e1cd78753c",
                "sha256:f0d3348c95b766f54b76116d53d4cb171b52992a1027e7ca50c81b43b9d9e363",
                "sha256:f6b0c664ccb879109ee3ca702a9272d877f4fcd21e5eb63c26422fd6e415365e",
                "sha256:f781dcb0bc9929adc77bad571b8621ecb1e4cdef86e940fe2e5b5ee24fd33b35",
                "sha256:f91ebf30830a48c825590aede79376cb40f110b387c17ee9bd59932c961044f9",
                "sha256:fdec757fea0b793056419bca3e9932eb2b0ceec90ef4813ea4c1e072c389eb28",
                "sha256:fe15238d3798788d00716637b3d4e7bb6bde18b26e5d08335a96e88564a36b6b"
            ],
            "index": "pypi",
            "markers": "python_version >= '3.9'",
            "version": "==11.2.1"
        },
        "python-barcode": {
            "hashes": [
                "sha256:057636fba37369c22852410c8535b36adfbeb965ddfd4e5b6924455d692e0886",
                "sha256:3b1825fbdb11e597466dff4286b4ea9b1e86a57717b59e563ae679726fc854de"
            ],
            "index": "pypi",
            "version": "==0.15.1"
        },
        "python-levenshtein": {
            "hashes": [
                "sha256:3a5314a011016d373d309a68e875fd029caaa692ad3f32e78319299648045f11",
                "sha256:e1a4bc2a70284b2ebc4c505646142fecd0f831e49aa04ed972995895aec57396"
            ],
            "markers": "python_version >= '3.9'",
            "version": "==0.27.1"
        },
        "rapidfuzz": {
            "hashes": [
                "sha256:09e908064d3684c541d312bd4c7b05acb99a2c764f6231bd507d4b4b65226c23",
                "sha256:0da54aa8547b3c2c188db3d1c7eb4d1bb6dd80baa8cdaeaec3d1da3346ec9caa",
                "sha256:0e1d08cb884805a543f2de1f6744069495ef527e279e05370dd7c83416af83f8",
                "sha256:0fd05336db4d0b8348d7eaaf6fa3c517b11a56abaa5e89470ce1714e73e4aca7",
                "sha256:11b125d8edd67e767b2295eac6eb9afe0b1cdc82ea3d4b9257da4b8e06077798",
                "sha256:11b47b40650e06147dee5e51a9c9ad73bb7b86968b6f7d30e503b9f8dd1292db",
                "sha256:1343d745fbf4688e412d8f398c6e6d6f269db99a54456873f232ba2e7aeb4939",
                "sha256:1a79a2f07786a2070669b4b8e45bd96a01c788e7a3c218f531f3947878e0f956",
                "sha256:1ba007f4d35a45ee68656b2eb83b8715e11d0f90e5b9f02d615a8a321ff00c27",
                "sha256:1dc82b6ed01acb536b94a43996a94471a218f4d89f3fdd9185ab496de4b2a981",
                "sha256:1f219f1e3c3194d7a7de222f54450ce12bc907862ff9a8962d83061c1f923c86",
                "sha256:200030dfc0a1d5d6ac18e993c5097c870c97c41574e67f227300a1fb74457b1d",
                "sha256:202a87760f5145140d56153b193a797ae9338f7939eb16652dd7ff96f8faf64c",
                "sha256:25343ccc589a4579fbde832e6a1e27258bfdd7f2eb0f28cb836d6694ab8591fc",
                "sha256:2d18228a2390375cf45726ce1af9d36ff3dc1f11dce9775eae1f1b13ac6ec50f",
                "sha256:2fd0975e015b05c79a97f38883a11236f5a24cca83aa992bd2558ceaa5652b26",
                "sha256:30fd1451f87ccb6c2f9d18f6caa483116bbb57b5a55d04d3ddbd7b86f5b14998",
                "sha256:3abe6a4e8eb4cfc4cda04dd650a2dc6d2934cbdeda5def7e6fd1c20f6e7d2a0b",
                "sha256:3b6f913ee4618ddb6d6f3e387b76e8ec2fc5efee313a128809fbd44e65c2bbb2",
                "sha256:3f32f15bacd1838c929b35c84b43618481e1b3d7a61b5ed2db0291b70ae88b53",
                "sha256:435071fd07a085ecbf4d28702a66fd2e676a03369ee497cc38bcb69a46bc77e2",
                "sha256:45dd4628dd9c21acc5c97627dad0bb791764feea81436fb6e0a06eef4c6dceaa",
                "sha256:461fd13250a2adf8e90ca9a0e1e166515cbcaa5e9c3b1f37545cbbeff9e77f6b",
                "sha256:4671ee300d1818d7bdfd8fa0608580d7778ba701817216f0c17fb29e6b972514",
                "sha256:48719f7dcf62dfb181063b60ee2d0a39d327fa8ad81b05e3e510680c44e1c078",
                "sha256:4a1a6a906ba62f2556372282b1ef37b26bca67e3d2ea957277cfcefc6275cca7",
                "sha256:4d9d7f84c8e992a8dbe5a3fdbea73d733da39bf464e62c912ac3ceba9c0cff93",
                "sha256:5158da7f2ec02a930be13bac53bb5903527c073c90ee37804090614cab83c29e",
                "sha256:5280be8fd7e2bee5822e254fe0a5763aa0ad57054b85a32a3d9970e9b09bbcbf",
                "sha256:5435fcac94c9ecf0504bf88a8a60c55482c32e18e108d6079a0089c47f3f8cf6",
                "sha256:558bf526bcd777de32b7885790a95a9548ffdcce68f704a81207be4a286c1095",
                "sha256:573ad267eb9b3f6e9b04febce5de55d8538a87c56c64bf8fd2599a48dc9d8b77",
                "sha256:57c390336cb50d5d3bfb0cfe1467478a15733703af61f6dffb14b1cd312a6fae",
                "sha256:5d4e13593d298c50c4f94ce453f757b4b398af3fa0fd2fde693c3e51195b7f69",
                "sha256:5dc71ef23845bb6b62d194c39a97bb30ff171389c9812d83030c1199f319098c",
                "sha256:624a108122039af89ddda1a2b7ab2a11abe60c1521956f142f5d11bcd42ef138",
                "sha256:65cc97c2fc2c2fe23586599686f3b1ceeedeca8e598cfcc1b7e56dc8ca7e2aa7",
                "sha256:694eb531889f71022b2be86f625a4209c4049e74be9ca836919b9e395d5e33b3",
                "sha256:6af42f2ede8b596a6aaf6d49fdee3066ca578f4856b85ab5c1e2145de367a12d",
                "sha256:6c0efa73afbc5b265aca0d8a467ae2a3f40d6854cbe1481cb442a62b7bf23c99",
                "sha256:6e2065f68fb1d0bf65adc289c1bdc45ba7e464e406b319d67bb54441a1b9da9e",
                "sha256:7ac21489de962a4e2fc1e8f0b0da4aa1adc6ab9512fd845563fecb4b4c52093a",
                "sha256:7d7cec4242d30dd521ef91c0df872e14449d1dffc2a6990ede33943b0dae56c3",
                "sha256:85c9a131a44a95f9cac2eb6e65531db014e09d89c4f18c7b1fa54979cb9ff1f3",
                "sha256:8c99b76b93f7b495eee7dcb0d6a38fb3ce91e72e99d9f78faa5664a881cb2b7d",
                "sha256:9093cdeb926deb32a4887ebe6910f57fbcdbc9fbfa52252c10b56ef2efb0289f",
                "sha256:9256218ac8f1a957806ec2fb9a6ddfc6c32ea937c0429e88cf16362a20ed8602",
                "sha256:9327a4577f65fc3fb712e79f78233815b8a1c94433d0c2c9f6bc5953018b3565",
                "sha256:93a755266856599be4ab6346273f192acde3102d7aa0735e2f48b456397a041f",
                "sha256:98b8107ff14f5af0243f27d236bcc6e1ef8e7e3b3c25df114e91e3a99572da73",
                "sha256:98e0bfa602e1942d542de077baf15d658bd9d5dcfe9b762aff791724c1c38b70",
                "sha256:9a7c6232be5f809cd39da30ee5d24e6cadd919831e6020ec6c2391f4c3bc9264",
                "sha256:9f338e71c45b69a482de8b11bf4a029993230760120c8c6e7c9b71760b6825a1",
                "sha256:9f5fe634c9482ec5d4a6692afb8c45d370ae86755e5f57aa6c50bfe4ca2bdd87",
                "sha256:a50856f49a4016ef56edd10caabdaf3608993f9faf1e05c3c7f4beeac46bd12a",
                "sha256:a6dd36d4916cf57ddb05286ed40b09d034ca5d4bca85c17be0cb6a21290597d9",
                "sha256:a9ad1f37894e3ffb76bbab76256e8a8b789657183870be11aa64e306bb5228fd",
                "sha256:aafc42a1dc5e1beeba52cd83baa41372228d6d8266f6d803c16dbabbcc156255",
                "sha256:adb40ca8ddfcd4edd07b0713a860be32bdf632687f656963bcbce84cea04b8d8",
                "sha256:ae4574cb66cf1e85d32bb7e9ec45af5409c5b3970b7ceb8dea90168024127566",
                "sha256:b1b065f370d54551dcc785c6f9eeb5bd517ae14c983d2784c064b3aa525896df",
                "sha256:b5104b62711565e0ff6deab2a8f5dbf1fbe333c5155abe26d2cfd6f1849b6c87",
                "sha256:b7b3eda607a019169f7187328a8d1648fb9a90265087f6903d7ee3a8eee01805",
                "sha256:b7f4c65facdb94f44be759bbd9b6dda1fa54d0d6169cdf1a209a5ab97d311a75",
                "sha256:b836f486dba0aceb2551e838ff3f514a38ee72b015364f739e526d720fdb823a",
                "sha256:bef86df6d59667d9655905b02770a0c776d2853971c0773767d5ef8077acd624",
                "sha256:c2b3dd5d206a12deca16870acc0d6e5036abeb70e3cad6549c294eff15591527",
                "sha256:c33f9c841630b2bb7e69a3fb5c84a854075bb812c47620978bddc591f764da3d",
                "sha256:c523620d14ebd03a8d473c89e05fa1ae152821920c3ff78b839218ff69e19ca3",
                "sha256:cc269e74cad6043cb8a46d0ce580031ab642b5930562c2bb79aa7fbf9c858d26",
                "sha256:cc64da907114d7a18b5e589057e3acaf2fec723d31c49e13fedf043592a3f6a7",
                "sha256:ccbd0e7ea1a216315f63ffdc7cd09c55f57851afc8fe59a74184cb7316c0598b",
                "sha256:cdb33ee9f8a8e4742c6b268fa6bd739024f34651a06b26913381b1413ebe7590",
                "sha256:cfcccc08f671646ccb1e413c773bb92e7bba789e3a1796fd49d23c12539fe2e4",
                "sha256:d21f188f6fe4fbf422e647ae9d5a68671d00218e187f91859c963d0738ccd88c",
                "sha256:d25fdbce6459ccbbbf23b4b044f56fbd1158b97ac50994eaae2a1c0baae78301",
                "sha256:d2eaf3839e52cbcc0accbe9817a67b4b0fcf70aaeb229cfddc1c28061f9ce5d8",
                "sha256:d395a5cad0c09c7f096433e5fd4224d83b53298d53499945a9b0e5a971a84f3a",
                "sha256:d7a217310429b43be95b3b8ad7f8fc41aba341109dc91e978cd7c703f928c58f",
                "sha256:d8cf5f7cd6e4d5eb272baf6a54e182b2c237548d048e2882258336533f3f02b7",
                "sha256:df8e8c21e67afb9d7fbe18f42c6111fe155e801ab103c81109a61312927cc611",
                "sha256:e05752418b24bbd411841b256344c26f57da1148c5509e34ea39c7eb5099ab72",
                "sha256:e1bdd2e6d0c5f9706ef7595773a81ca2b40f3b33fd7f9840b726fb00c6c4eb2e",
                "sha256:e297c09972698c95649e89121e3550cee761ca3640cd005e24aaa2619175464e",
                "sha256:e62779c6371bd2b21dbd1fdce89eaec2d93fd98179d36f61130b489f62294a92",
                "sha256:e8ddb58961401da7d6f55f185512c0d6bd24f529a637078d41dd8ffa5a49c107",
                "sha256:e9d824de871daa6e443b39ff495a884931970d567eb0dfa213d234337343835f",
                "sha256:ed6f416bda1c9133000009d84d9409823eb2358df0950231cc936e4bf784eb97",
                "sha256:ef0f5f03f61b0e5a57b1df7beafd83df993fd5811a09871bad6038d08e526d0d",
                "sha256:f4797f821dc5d7c2b6fc818b89f8a3f37bcc900dd9e4369e6ebf1e525efce5db",
                "sha256:f70f646751b6aa9d05be1fb40372f006cc89d6aad54e9d79ae97bd1f5fce5203",
                "sha256:fd742c03885db1fce798a1cd87a20f47f144ccf26d75d52feb6f2bae3d57af05",
                "sha256:fe5790a36d33a5d0a6a1f802aa42ecae282bf29ac6f7506d8e12510847b82a45",
                "sha256:fedd316c165beed6307bf754dee54d3faca2c47e1f3bcbd67595001dfa11e969"
            ],
            "markers": "python_version >= '3.9'",
            "version": "==3.13.0"
        },
        "reportlab": {
            "hashes": [
                "sha256:5f9b9fc0b7a48e8912c25ccf69d26b82980ab0da718e4f583fa720e8f8f5073f",
                "sha256:9217a1c8c1917217f819718b24972a96ad0c485a1c494749562d097b58d974b7"
            ],
            "index": "pypi",
            "markers": "python_version >= '3.7' and python_version < '4'",
            "version": "==4.4.1"
        }
    },
    "develop": {}
}
